
Microsoft Visual Studio Solution File, Format Version 12.00
# Visual Studio Version 16
VisualStudioVersion = 16.0.33027.164
MinimumVisualStudioVersion = 10.0.40219.1
Project("{9092AA53-FB77-4645-B42D-1CCCA6BD08BD}") = "NodejsConsoleApp1", "NodejsConsoleApp1.njsproj", "{201907A2-64E5-4ED5-93C0-EAC421C1FCDE}"
EndProject
Global
	GlobalSection(SolutionConfigurationPlatforms) = preSolution
		Debug|Any CPU = Debug|Any CPU
		Release|Any CPU = Release|Any CPU
	EndGlobalSection
	GlobalSection(ProjectConfigurationPlatforms) = postSolution
		{201907A2-64E5-4ED5-93C0-EAC421C1FCDE}.Debug|Any CPU.ActiveCfg = Debug|Any CPU
		{201907A2-64E5-4ED5-93C0-EAC421C1FCDE}.Debug|Any CPU.Build.0 = Debug|Any CPU
		{201907A2-64E5-4ED5-93C0-EAC421C1FCDE}.Release|Any CPU.ActiveCfg = Release|Any CPU
		{201907A2-64E5-4ED5-93C0-EAC421C1FCDE}.Release|Any CPU.Build.0 = Release|Any CPU
	EndGlobalSection
	GlobalSection(SolutionProperties) = preSolution
		HideSolutionNode = FALSE
	EndGlobalSection
	GlobalSection(ExtensibilityGlobals) = postSolution
		SolutionGuid = {00B694BF-CAA4-4BBF-BE24-88EAF9B28576}
	EndGlobalSection
EndGlobal
